// !$*UTF8*$!
{
	archiveVersion = 1;
	classes = {
	};
	objectVersion = 51;
	objects = {

/* Begin PBXBuildFile section */
		269CC312B01F7A89E956A7B0 /* Pods_SehatQ.framework in Frameworks */ = {isa = PBXBuildFile; fileRef = AC9BEC890AEB98C9DC2C44C5 /* Pods_SehatQ.framework */; };
		8E563CE724F41B8500E1E09D /* ItemDetailViewController.swift in Sources */ = {isa = PBXBuildFile; fileRef = 8E563CE624F41B8500E1E09D /* ItemDetailViewController.swift */; };
		8E563CE924F4A8DF00E1E09D /* PurchaseHistoryViewController.swift in Sources */ = {isa = PBXBuildFile; fileRef = 8E563CE824F4A8DF00E1E09D /* PurchaseHistoryViewController.swift */; };
		8E563CEB24F4A9C700E1E09D /* tbHistoCell.swift in Sources */ = {isa = PBXBuildFile; fileRef = 8E563CEA24F4A9C600E1E09D /* tbHistoCell.swift */; };
		8E5D81EF24F3C737008FD5A2 /* HomeViewController.swift in Sources */ = {isa = PBXBuildFile; fileRef = 8E5D81EE24F3C737008FD5A2 /* HomeViewController.swift */; };
		8E5D81F124F3CD65008FD5A2 /* tbCellHome.swift in Sources */ = {isa = PBXBuildFile; fileRef = 8E5D81F024F3CD65008FD5A2 /* tbCellHome.swift */; };
		8EA91D5324F3BDF5002DAF65 /* AppDelegate.swift in Sources */ = {isa = PBXBuildFile; fileRef = 8EA91D5224F3BDF5002DAF65 /* AppDelegate.swift */; };
		8EA91D5524F3BDF5002DAF65 /* SceneDelegate.swift in Sources */ = {isa = PBXBuildFile; fileRef = 8EA91D5424F3BDF5002DAF65 /* SceneDelegate.swift */; };
		8EA91D5724F3BDF5002DAF65 /* ViewController.swift in Sources */ = {isa = PBXBuildFile; fileRef = 8EA91D5624F3BDF5002DAF65 /* ViewController.swift */; };
		8EA91D5A24F3BDF5002DAF65 /* Main.storyboard in Resources */ = {isa = PBXBuildFile; fileRef = 8EA91D5824F3BDF5002DAF65 /* Main.storyboard */; };
		8EA91D5C24F3BDFE002DAF65 /* Assets.xcassets in Resources */ = {isa = PBXBuildFile; fileRef = 8EA91D5B24F3BDFE002DAF65 /* Assets.xcassets */; };
		8EA91D5F24F3BDFE002DAF65 /* LaunchScreen.storyboard in Resources */ = {isa = PBXBuildFile; fileRef = 8EA91D5D24F3BDFE002DAF65 /* LaunchScreen.storyboard */; };
/* End PBXBuildFile section */

/* Begin PBXFileReference section */
		3057490312E1923965BAB944 /* Pods-SehatQ.debug.xcconfig */ = {isa = PBXFileReference; includeInIndex = 1; lastKnownFileType = text.xcconfig; name = "Pods-SehatQ.debug.xcconfig"; path = "Target Support Files/Pods-SehatQ/Pods-SehatQ.debug.xcconfig"; sourceTree = "<group>"; };
		66F1EED6F334C6951D8792CB /* Pods-SehatQ.release.xcconfig */ = {isa = PBXFileReference; includeInIndex = 1; lastKnownFileType = text.xcconfig; name = "Pods-SehatQ.release.xcconfig"; path = "Target Support Files/Pods-SehatQ/Pods-SehatQ.release.xcconfig"; sourceTree = "<group>"; };
		8E563CE624F41B8500E1E09D /* ItemDetailViewController.swift */ = {isa = PBXFileReference; lastKnownFileType = sourcecode.swift; path = ItemDetailViewController.swift; sourceTree = "<group>"; };
		8E563CE824F4A8DF00E1E09D /* PurchaseHistoryViewController.swift */ = {isa = PBXFileReference; lastKnownFileType = sourcecode.swift; path = PurchaseHistoryViewController.swift; sourceTree = "<group>"; };
		8E563CEA24F4A9C600E1E09D /* tbHistoCell.swift */ = {isa = PBXFileReference; lastKnownFileType = sourcecode.swift; path = tbHistoCell.swift; sourceTree = "<group>"; };
		8E5D81EE24F3C737008FD5A2 /* HomeViewController.swift */ = {isa = PBXFileReference; lastKnownFileType = sourcecode.swift; path = HomeViewController.swift; sourceTree = "<group>"; };
		8E5D81F024F3CD65008FD5A2 /* tbCellHome.swift */ = {isa = PBXFileReference; lastKnownFileType = sourcecode.swift; path = tbCellHome.swift; sourceTree = "<group>"; };
		8EA91D4F24F3BDF5002DAF65 /* SehatQ.app */ = {isa = PBXFileReference; explicitFileType = wrapper.application; includeInIndex = 0; path = SehatQ.app; sourceTree = BUILT_PRODUCTS_DIR; };
		8EA91D5224F3BDF5002DAF65 /* AppDelegate.swift */ = {isa = PBXFileReference; lastKnownFileType = sourcecode.swift; path = AppDelegate.swift; sourceTree = "<group>"; };
		8EA91D5424F3BDF5002DAF65 /* SceneDelegate.swift */ = {isa = PBXFileReference; lastKnownFileType = sourcecode.swift; path = SceneDelegate.swift; sourceTree = "<group>"; };
		8EA91D5624F3BDF5002DAF65 /* ViewController.swift */ = {isa = PBXFileReference; lastKnownFileType = sourcecode.swift; path = ViewController.swift; sourceTree = "<group>"; };
		8EA91D5924F3BDF5002DAF65 /* Base */ = {isa = PBXFileReference; lastKnownFileType = file.storyboard; name = Base; path = Base.lproj/Main.storyboard; sourceTree = "<group>"; };
		8EA91D5B24F3BDFE002DAF65 /* Assets.xcassets */ = {isa = PBXFileReference; lastKnownFileType = folder.assetcatalog; path = Assets.xcassets; sourceTree = "<group>"; };
		8EA91D5E24F3BDFE002DAF65 /* Base */ = {isa = PBXFileReference; lastKnownFileType = file.storyboard; name = Base; path = Base.lproj/LaunchScreen.storyboard; sourceTree = "<group>"; };
		8EA91D6024F3BDFE002DAF65 /* Info.plist */ = {isa = PBXFileReference; lastKnownFileType = text.plist.xml; path = Info.plist; sourceTree = "<group>"; };
		AC9BEC890AEB98C9DC2C44C5 /* Pods_SehatQ.framework */ = {isa = PBXFileReference; explicitFileType = wrapper.framework; includeInIndex = 0; path = Pods_SehatQ.framework; sourceTree = BUILT_PRODUCTS_DIR; };
/* End PBXFileReference section */

/* Begin PBXFrameworksBuildPhase section */
		8EA91D4C24F3BDF5002DAF65 /* Frameworks */ = {
			isa = PBXFrameworksBuildPhase;
			buildActionMask = 2147483647;
			files = (
				269CC312B01F7A89E956A7B0 /* Pods_SehatQ.framework in Frameworks */,
			);
			runOnlyForDeploymentPostprocessing = 0;
		};
/* End PBXFrameworksBuildPhase section */

/* Begin PBXGroup section */
		7826FF1B4BB609CEBED86431 /* Pods */ = {
			isa = PBXGroup;
			children = (
				3057490312E1923965BAB944 /* Pods-SehatQ.debug.xcconfig */,
				66F1EED6F334C6951D8792CB /* Pods-SehatQ.release.xcconfig */,
			);
			path = Pods;
			sourceTree = "<group>";
		};
		8DD4ACDF3271676655305212 /* Frameworks */ = {
			isa = PBXGroup;
			children = (
				AC9BEC890AEB98C9DC2C44C5 /* Pods_SehatQ.framework */,
			);
			name = Frameworks;
			sourceTree = "<group>";
		};
		8EA91D4624F3BDF5002DAF65 = {
			isa = PBXGroup;
			children = (
				8EA91D5124F3BDF5002DAF65 /* SehatQ */,
				8EA91D5024F3BDF5002DAF65 /* Products */,
				7826FF1B4BB609CEBED86431 /* Pods */,
				8DD4ACDF3271676655305212 /* Frameworks */,
			);
			sourceTree = "<group>";
		};
		8EA91D5024F3BDF5002DAF65 /* Products */ = {
			isa = PBXGroup;
			children = (
				8EA91D4F24F3BDF5002DAF65 /* SehatQ.app */,
			);
			name = Products;
			sourceTree = "<group>";
		};
		8EA91D5124F3BDF5002DAF65 /* SehatQ */ = {
			isa = PBXGroup;
			children = (
				8EA91D5224F3BDF5002DAF65 /* AppDelegate.swift */,
				8EA91D5424F3BDF5002DAF65 /* SceneDelegate.swift */,
				8EA91D5624F3BDF5002DAF65 /* ViewController.swift */,
				8EA91D5824F3BDF5002DAF65 /* Main.storyboard */,
				8E563CEA24F4A9C600E1E09D /* tbHistoCell.swift */,
				8E563CE824F4A8DF00E1E09D /* PurchaseHistoryViewController.swift */,
				8E563CE624F41B8500E1E09D /* ItemDetailViewController.swift */,
				8E5D81F024F3CD65008FD5A2 /* tbCellHome.swift */,
				8E5D81EE24F3C737008FD5A2 /* HomeViewController.swift */,
				8EA91D5B24F3BDFE002DAF65 /* Assets.xcassets */,
				8EA91D5D24F3BDFE002DAF65 /* LaunchScreen.storyboard */,
				8EA91D6024F3BDFE002DAF65 /* Info.plist */,
			);
			path = SehatQ;
			sourceTree = "<group>";
		};
/* End PBXGroup section */

/* Begin PBXNativeTarget section */
		8EA91D4E24F3BDF5002DAF65 /* SehatQ */ = {
			isa = PBXNativeTarget;
			buildConfigurationList = 8EA91D6324F3BDFE002DAF65 /* Build configuration list for PBXNativeTarget "SehatQ" */;
			buildPhases = (
				C1D6F06A0DF2F2207A0DDC38 /* [CP] Check Pods Manifest.lock */,
				8EA91D4B24F3BDF5002DAF65 /* Sources */,
				8EA91D4C24F3BDF5002DAF65 /* Frameworks */,
				8EA91D4D24F3BDF5002DAF65 /* Resources */,
				85753C14FC965945CBE7BC85 /* [CP] Embed Pods Frameworks */,
			);
			buildRules = (
			);
			dependencies = (
			);
			name = SehatQ;
			productName = SehatQ;
			productReference = 8EA91D4F24F3BDF5002DAF65 /* SehatQ.app */;
			productType = "com.apple.product-type.application";
		};
/* End PBXNativeTarget section */

/* Begin PBXProject section */
		8EA91D4724F3BDF5002DAF65 /* Project object */ = {
			isa = PBXProject;
			attributes = {
				LastSwiftUpdateCheck = 1110;
				LastUpgradeCheck = 1110;
				ORGANIZATIONNAME = JFSK;
				TargetAttributes = {
					8EA91D4E24F3BDF5002DAF65 = {
						CreatedOnToolsVersion = 11.1;
					};
				};
			};
			buildConfigurationList = 8EA91D4A24F3BDF5002DAF65 /* Build configuration list for PBXProject "SehatQ" */;
			compatibilityVersion = "Xcode 9.3";
			developmentRegion = en;
			hasScannedForEncodings = 0;
			knownRegions = (
				en,
				Base,
			);
			mainGroup = 8EA91D4624F3BDF5002DAF65;
			productRefGroup = 8EA91D5024F3BDF5002DAF65 /* Products */;
			projectDirPath = "";
			projectRoot = "";
			targets = (
				8EA91D4E24F3BDF5002DAF65 /* SehatQ */,
			);
		};
/* End PBXProject section */

/* Begin PBXResourcesBuildPhase section */
		8EA91D4D24F3BDF5002DAF65 /* Resources */ = {
			isa = PBXResourcesBuildPhase;
			buildActionMask = 2147483647;
			files = (
				8EA91D5F24F3BDFE002DAF65 /* LaunchScreen.storyboard in Resources */,
				8EA91D5C24F3BDFE002DAF65 /* Assets.xcassets in Resources */,
				8EA91D5A24F3BDF5002DAF65 /* Main.storyboard in Resources */,
			);
			runOnlyForDeploymentPostprocessing = 0;
		};
/* End PBXResourcesBuildPhase section */

/* Begin PBXShellScriptBuildPhase section */
		85753C14FC965945CBE7BC85 /* [CP] Embed Pods Frameworks */ = {
			isa = PBXShellScriptBuildPhase;
			buildActionMask = 2147483647;
			files = (
			);
			inputFileListPaths = (
				"${PODS_ROOT}/Target Support Files/Pods-SehatQ/Pods-SehatQ-frameworks-${CONFIGURATION}-input-files.xcfilelist",
			);
			name = "[CP] Embed Pods Frameworks";
			outputFileListPaths = (
				"${PODS_ROOT}/Target Support Files/Pods-SehatQ/Pods-SehatQ-frameworks-${CONFIGURATION}-output-files.xcfilelist",
			);
			runOnlyForDeploymentPostprocessing = 0;
			shellPath = /bin/sh;
			shellScript = "\"${PODS_ROOT}/Target Support Files/Pods-SehatQ/Pods-SehatQ-frameworks.sh\"\n";
			showEnvVarsInLog = 0;
		};
		C1D6F06A0DF2F2207A0DDC38 /* [CP] Check Pods Manifest.lock */ = {
			isa = PBXShellScriptBuildPhase;
			buildActionMask = 2147483647;
			files = (
			);
			inputFileListPaths = (
			);
			inputPaths = (
				"${PODS_PODFILE_DIR_PATH}/Podfile.lock",
				"${PODS_ROOT}/Manifest.lock",
			);
			name = "[CP] Check Pods Manifest.lock";
			outputFileListPaths = (
			);
			outputPaths = (
				"$(DERIVED_FILE_DIR)/Pods-SehatQ-checkManifestLockResult.txt",
			);
			runOnlyForDeploymentPostprocessing = 0;
			shellPath = /bin/sh;
			shellScript = "diff \"${PODS_PODFILE_DIR_PATH}/Podfile.lock\" \"${PODS_ROOT}/Manifest.lock\" > /dev/null\nif [ $? != 0 ] ; then\n    # print error to STDERR\n    echo \"error: The sandbox is not in sync with the Podfile.lock. Run 'pod install' or update your CocoaPods installation.\" >&2\n    exit 1\nfi\n# This output is used by Xcode 'outputs' to avoid re-running this script phase.\necho \"SUCCESS\" > \"${SCRIPT_OUTPUT_FILE_0}\"\n";
			showEnvVarsInLog = 0;
		};
/* End PBXShellScriptBuildPhase section */

/* Begin PBXSourcesBuildPhase section */
		8EA91D4B24F3BDF5002DAF65 /* Sources */ = {
			isa = PBXSourcesBuildPhase;
			buildActionMask = 2147483647;
			files = (
				8EA91D5724F3BDF5002DAF65 /* ViewController.swift in Sources */,
				8E563CEB24F4A9C700E1E09D /* tbHistoCell.swift in Sources */,
				8EA91D5324F3BDF5002DAF65 /* AppDelegate.swift in Sources */,
				8E563CE724F41B8500E1E09D /* ItemDetailViewController.swift in Sources */,
				8EA91D5524F3BDF5002DAF65 /* SceneDelegate.swift in Sources */,
				8E5D81EF24F3C737008FD5A2 /* HomeViewController.swift in Sources */,
				8E5D81F124F3CD65008FD5A2 /* tbCellHome.swift in Sources */,
				8E563CE924F4A8DF00E1E09D /* PurchaseHistoryViewController.swift in Sources */,
			);
			runOnlyForDeploymentPostprocessing = 0;
		};
/* End PBXSourcesBuildPhase section */

/* Begin PBXVariantGroup section */
		8EA91D5824F3BDF5002DAF65 /* Main.storyboard */ = {
			isa = PBXVariantGroup;
			children = (
				8EA91D5924F3BDF5002DAF65 /* Base */,
			);
			name = Main.storyboard;
			sourceTree = "<group>";
		};
		8EA91D5D24F3BDFE002DAF65 /* LaunchScreen.storyboard */ = {
			isa = PBXVariantGroup;
			children = (
				8EA91D5E24F3BDFE002DAF65 /* Base */,
			);
			name = LaunchScreen.storyboard;
			sourceTree = "<group>";
		};
/* End PBXVariantGroup section */

/* Begin XCBuildConfiguration section */
		8EA91D6124F3BDFE002DAF65 /* Debug */ = {
			isa = XCBuildConfiguration;
			buildSettings = {
				ALWAYS_SEARCH_USER_PATHS = NO;
				CLANG_ANALYZER_NONNULL = YES;
				CLANG_ANALYZER_NUMBER_OBJECT_CONVERSION = YES_AGGRESSIVE;
				CLANG_CXX_LANGUAGE_STANDARD = "gnu++14";
				CLANG_CXX_LIBRARY = "libc++";
				CLANG_ENABLE_MODULES = YES;
				CLANG_ENABLE_OBJC_ARC = YES;
				CLANG_ENABLE_OBJC_WEAK = YES;
				CLANG_WARN_BLOCK_CAPTURE_AUTORELEASING = YES;
				CLANG_WARN_BOOL_CONVERSION = YES;
				CLANG_WARN_COMMA = YES;
				CLANG_WARN_CONSTANT_CONVERSION = YES;
				CLANG_WARN_DEPRECATED_OBJC_IMPLEMENTATIONS = YES;
				CLANG_WARN_DIRECT_OBJC_ISA_USAGE = YES_ERROR;
				CLANG_WARN_DOCUMENTATION_COMMENTS = YES;
				CLANG_WARN_EMPTY_BODY = YES;
				CLANG_WARN_ENUM_CONVERSION = YES;
				CLANG_WARN_INFINITE_RECURSION = YES;
				CLANG_WARN_INT_CONVERSION = YES;
				CLANG_WARN_NON_LITERAL_NULL_CONVERSION = YES;
				CLANG_WARN_OBJC_IMPLICIT_RETAIN_SELF = YES;
				CLANG_WARN_OBJC_LITERAL_CONVERSION = YES;
				CLANG_WARN_OBJC_ROOT_CLASS = YES_ERROR;
				CLANG_WARN_RANGE_LOOP_ANALYSIS = YES;
				CLANG_WARN_STRICT_PROTOTYPES = YES;
				CLANG_WARN_SUSPICIOUS_MOVE = YES;
				CLANG_WARN_UNGUARDED_AVAILABILITY = YES_AGGRESSIVE;
				CLANG_WARN_UNREACHABLE_CODE = YES;
				CLANG_WARN__DUPLICATE_METHOD_MATCH = YES;
				COPY_PHASE_STRIP = NO;
				DEBUG_INFORMATION_FORMAT = dwarf;
				ENABLE_STRICT_OBJC_MSGSEND = YES;
				ENABLE_TESTABILITY = YES;
				GCC_C_LANGUAGE_STANDARD = gnu11;
				GCC_DYNAMIC_NO_PIC = NO;
				GCC_NO_COMMON_BLOCKS = YES;
				GCC_OPTIMIZATION_LEVEL = 0;
				GCC_PREPROCESSOR_DEFINITIONS = (
					"DEBUG=1",
					"$(inherited)",
				);
				GCC_WARN_64_TO_32_BIT_CONVERSION = YES;
				GCC_WARN_ABOUT_RETURN_TYPE = YES_ERROR;
				GCC_WARN_UNDECLARED_SELECTOR = YES;
				GCC_WARN_UNINITIALIZED_AUTOS = YES_AGGRESSIVE;
				GCC_WARN_UNUSED_FUNCTION = YES;
				GCC_WARN_UNUSED_VARIABLE = YES;
				IPHONEOS_DEPLOYMENT_TARGET = 13.1;
				MTL_ENABLE_DEBUG_INFO = INCLUDE_SOURCE;
				MTL_FAST_MATH = YES;
				ONLY_ACTIVE_ARCH = YES;
				SDKROOT = iphoneos;
				SWIFT_ACTIVE_COMPILATION_CONDITIONS = DEBUG;
				SWIFT_OPTIMIZATION_LEVEL = "-Onone";
			};
			name = Debug;
		};
		8EA91D6224F3BDFE002DAF65 /* Release */ = {
			isa = XCBuildConfiguration;
			buildSettings = {
				ALWAYS_SEARCH_USER_PATHS = NO;
				CLANG_ANALYZER_NONNULL = YES;
				CLANG_ANALYZER_NUMBER_OBJECT_CONVERSION = YES_AGGRESSIVE;
				CLANG_CXX_LANGUAGE_STANDARD = "gnu++14";
				CLANG_CXX_LIBRARY = "libc++";
				CLANG_ENABLE_MODULES = YES;
				CLANG_ENABLE_OBJC_ARC = YES;
				CLANG_ENABLE_OBJC_WEAK = YES;
				CLANG_WARN_BLOCK_CAPTURE_AUTORELEASING = YES;
				CLANG_WARN_BOOL_CONVERSION = YES;
				CLANG_WARN_COMMA = YES;
				CLANG_WARN_CONSTANT_CONVERSION = YES;
				CLANG_WARN_DEPRECATED_OBJC_IMPLEMENTATIONS = YES;
				CLANG_WARN_DIRECT_OBJC_ISA_USAGE = YES_ERROR;
				CLANG_WARN_DOCUMENTATION_COMMENTS = YES;
				CLANG_WARN_EMPTY_BODY = YES;
				CLANG_WARN_ENUM_CONVERSION = YES;
				CLANG_WARN_INFINITE_RECURSION = YES;
				CLANG_WARN_INT_CONVERSION = YES;
				CLANG_WARN_NON_LITERAL_NULL_CONVERSION = YES;
				CLANG_WARN_OBJC_IMPLICIT_RETAIN_SELF = YES;
				CLANG_WARN_OBJC_LITERAL_CONVERSION = YES;
				CLANG_WARN_OBJC_ROOT_CLASS = YES_ERROR;
				CLANG_WARN_RANGE_LOOP_ANALYSIS = YES;
				CLANG_WARN_STRICT_PROTOTYPES = YES;
				CLANG_WARN_SUSPICIOUS_MOVE = YES;
				CLANG_WARN_UNGUARDED_AVAILABILITY = YES_AGGRESSIVE;
				CLANG_WARN_UNREACHABLE_CODE = YES;
				CLANG_WARN__DUPLICATE_METHOD_MATCH = YES;
				COPY_PHASE_STRIP = NO;
				DEBUG_INFORMATION_FORMAT = "dwarf-with-dsym";
				ENABLE_NS_ASSERTIONS = NO;
				ENABLE_STRICT_OBJC_MSGSEND = YES;
				GCC_C_LANGUAGE_STANDARD = gnu11;
				GCC_NO_COMMON_BLOCKS = YES;
				GCC_WARN_64_TO_32_BIT_CONVERSION = YES;
				GCC_WARN_ABOUT_RETURN_TYPE = YES_ERROR;
				GCC_WARN_UNDECLARED_SELECTOR = YES;
				GCC_WARN_UNINITIALIZED_AUTOS = YES_AGGRESSIVE;
				GCC_WARN_UNUSED_FUNCTION = YES;
				GCC_WARN_UNUSED_VARIABLE = YES;
				IPHONEOS_DEPLOYMENT_TARGET = 13.1;
				MTL_ENABLE_DEBUG_INFO = NO;
				MTL_FAST_MATH = YES;
				SDKROOT = iphoneos;
				SWIFT_COMPILATION_MODE = wholemodule;
				SWIFT_OPTIMIZATION_LEVEL = "-O";
				VALIDATE_PRODUCT = YES;
			};
			name = Release;
		};
		8EA91D6424F3BDFE002DAF65 /* Debug */ = {
			isa = XCBuildConfiguration;
			baseConfigurationReference = 3057490312E1923965BAB944 /* Pods-SehatQ.debug.xcconfig */;
			buildSettings = {
				ASSETCATALOG_COMPILER_APPICON_NAME = AppIcon;
				CODE_SIGN_STYLE = Automatic;
				DEVELOPMENT_TEAM = 352ZVXGCGX;
				INFOPLIST_FILE = SehatQ/Info.plist;
				IPHONEOS_DEPLOYMENT_TARGET = 13.0;
				LD_RUNPATH_SEARCH_PATHS = (
					"$(inherited)",
					"@executable_path/Frameworks",
				);
				PRODUCT_BUNDLE_IDENTIFIER = com.JFSK.SehatQ;
				PRODUCT_NAME = "$(TARGET_NAME)";
				SWIFT_VERSION = 5.0;
				TARGETED_DEVICE_FAMILY = 1;
			};
			name = Debug;
		};
		8EA91D6524F3BDFE002DAF65 /* Release */ = {
			isa = XCBuildConfiguration;
			baseConfigurationReference = 66F1EED6F334C6951D8792CB /* Pods-SehatQ.release.xcconfig */;
			buildSettings = {
				ASSETCATALOG_COMPILER_APPICON_NAME = AppIcon;
				CODE_SIGN_STYLE = Automatic;
				DEVELOPMENT_TEAM = 352ZVXGCGX;
				INFOPLIST_FILE = SehatQ/Info.plist;
				IPHONEOS_DEPLOYMENT_TARGET = 13.0;
				LD_RUNPATH_SEARCH_PATHS = (
					"$(inherited)",
					"@executable_path/Frameworks",
				);
				PRODUCT_BUNDLE_IDENTIFIER = com.JFSK.SehatQ;
				PRODUCT_NAME = "$(TARGET_NAME)";
				SWIFT_VERSION = 5.0;
				TARGETED_DEVICE_FAMILY = 1;
			};
			name = Release;
		};
/* End XCBuildConfiguration section */

/* Begin XCConfigurationList section */
		8EA91D4A24F3BDF5002DAF65 /* Build configuration list for PBXProject "SehatQ" */ = {
			isa = XCConfigurationList;
			buildConfigurations = (
				8EA91D6124F3BDFE002DAF65 /* Debug */,
				8EA91D6224F3BDFE002DAF65 /* Release */,
			);
			defaultConfigurationIsVisible = 0;
			defaultConfigurationName = Release;
		};
		8EA91D6324F3BDFE002DAF65 /* Build configuration list for PBXNativeTarget "SehatQ" */ = {
			isa = XCConfigurationList;
			buildConfigurations = (
				8EA91D6424F3BDFE002DAF65 /* Debug */,
				8EA91D6524F3BDFE002DAF65 /* Release */,
			);
			defaultConfigurationIsVisible = 0;
			defaultConfigurationName = Release;
		};
/* End XCConfigurationList section */
	};
	rootObject = 8EA91D4724F3BDF5002DAF65 /* Project object */;
}
